
Microsoft Visual Studio Solution File, Format Version 12.00
# Visual Studio Version 17
VisualStudioVersion = 17.11.35208.52
MinimumVisualStudioVersion = 10.0.40219.1
Project("{8BC9CEB8-8B4A-11D0-8D11-00A0C91BC942}") = "pryASCIIBoard_01", "pryASCIIBoard_01\pryASCIIBoard_01.vcxproj", "{654C3F9B-1C9A-4629-B8FF-7243481CCAF4}"
EndProject
Global
	GlobalSection(SolutionConfigurationPlatforms) = preSolution
		Debug|x64 = Debug|x64
		Debug|x86 = Debug|x86
		Release|x64 = Release|x64
		Release|x86 = Release|x86
	EndGlobalSection
	GlobalSection(ProjectConfigurationPlatforms) = postSolution
		{654C3F9B-1C9A-4629-B8FF-7243481CCAF4}.Debug|x64.ActiveCfg = Debug|x64
		{654C3F9B-1C9A-4629-B8FF-7243481CCAF4}.Debug|x64.Build.0 = Debug|x64
		{654C3F9B-1C9A-4629-B8FF-7243481CCAF4}.Debug|x86.ActiveCfg = Debug|Win32
		{654C3F9B-1C9A-4629-B8FF-7243481CCAF4}.Debug|x86.Build.0 = Debug|Win32
		{654C3F9B-1C9A-4629-B8FF-7243481CCAF4}.Release|x64.ActiveCfg = Release|x64
		{654C3F9B-1C9A-4629-B8FF-7243481CCAF4}.Release|x64.Build.0 = Release|x64
		{654C3F9B-1C9A-4629-B8FF-7243481CCAF4}.Release|x86.ActiveCfg = Release|Win32
		{654C3F9B-1C9A-4629-B8FF-7243481CCAF4}.Release|x86.Build.0 = Release|Win32
	EndGlobalSection
	GlobalSection(SolutionProperties) = preSolution
		HideSolutionNode = FALSE
	EndGlobalSection
	GlobalSection(ExtensibilityGlobals) = postSolution
		SolutionGuid = {D6758277-29DB-43DB-A8DB-D4D4714FEF4B}
	EndGlobalSection
EndGlobal
